
Microsoft Visual Studio Solution File, Format Version 12.00
# Visual Studio 2013
VisualStudioVersion = 12.0.31101.0
MinimumVisualStudioVersion = 10.0.40219.1
Project("{2150E333-8FDC-42A3-9474-1A3956D46DE8}") = "Solution Items", "Solution Items", "{2AA88CC4-47C3-45F4-B066-03FC401052C1}"
	ProjectSection(SolutionItems) = preProject
		README.md = README.md
		RoundedRectangle.png = RoundedRectangle.png
	EndProjectSection
EndProject
Project("{FAE04EC0-301F-11D3-BF4B-00C04F79EFBC}") = "CrossUI.Portable", "CrossUI.Portable\CrossUI.Portable.csproj", "{059E9775-63F7-4A7A-A0E9-4E0C54514EE8}"
EndProject
Project("{FAE04EC0-301F-11D3-BF4B-00C04F79EFBC}") = "CrossUI.Runner.WPF", "CrossUI.Runner.WPF\CrossUI.Runner.WPF.csproj", "{58CD161E-A409-4A96-80BD-435DF55E51CB}"
EndProject
Project("{FAE04EC0-301F-11D3-BF4B-00C04F79EFBC}") = "CrossUI.SharpDX", "CrossUI.SharpDX\CrossUI.SharpDX.csproj", "{F46BFFCE-B059-4D62-8669-A24F6E8A543D}"
EndProject
Project("{FAE04EC0-301F-11D3-BF4B-00C04F79EFBC}") = "CrossUI.Tests", "CrossUI.Tests\CrossUI.Tests.csproj", "{DE3D29D0-F5D3-4953-A872-B86BBE44D93C}"
EndProject
Project("{FAE04EC0-301F-11D3-BF4B-00C04F79EFBC}") = "CrossUI.Testing", "CrossUI.Testing\CrossUI.Testing.csproj", "{F3551D7E-62A7-4770-9897-35BB867C91A2}"
EndProject
Project("{FAE04EC0-301F-11D3-BF4B-00C04F79EFBC}") = "CrossUI.Tests.DrawingContext", "CrossUI.Tests.DrawingContext\CrossUI.Tests.DrawingContext.csproj", "{A8BA5CE0-9152-4D6D-8F4D-D2EAFF2B9348}"
EndProject
Project("{FAE04EC0-301F-11D3-BF4B-00C04F79EFBC}") = "CrossUI.Testing.Portable", "CrossUI.Testing.Portable\CrossUI.Testing.Portable.csproj", "{2905C72E-D3DD-47CA-AF57-7628295FC60F}"
EndProject
Project("{FAE04EC0-301F-11D3-BF4B-00C04F79EFBC}") = "CrossUI.Runner.WPF.x86", "CrossUI.Runner.WPF.x86\CrossUI.Runner.WPF.x86.csproj", "{A151CA95-F2C6-4C8A-B694-597BE31B6619}"
EndProject
Project("{FAE04EC0-301F-11D3-BF4B-00C04F79EFBC}") = "CrossUI.TestRunner.Portable", "CrossUI.TestRunner.Portable\CrossUI.TestRunner.Portable.csproj", "{339D1CF5-836F-4D77-B5C5-731036B5E1C6}"
EndProject
Global
	GlobalSection(SolutionConfigurationPlatforms) = preSolution
		Debug|Any CPU = Debug|Any CPU
		Debug|ARM = Debug|ARM
		Debug|Mixed Platforms = Debug|Mixed Platforms
		Debug|x64 = Debug|x64
		Debug|x86 = Debug|x86
		Release|Any CPU = Release|Any CPU
		Release|ARM = Release|ARM
		Release|Mixed Platforms = Release|Mixed Platforms
		Release|x64 = Release|x64
		Release|x86 = Release|x86
	EndGlobalSection
	GlobalSection(ProjectConfigurationPlatforms) = postSolution
		{059E9775-63F7-4A7A-A0E9-4E0C54514EE8}.Debug|Any CPU.ActiveCfg = Debug|Any CPU
		{059E9775-63F7-4A7A-A0E9-4E0C54514EE8}.Debug|Any CPU.Build.0 = Debug|Any CPU
		{059E9775-63F7-4A7A-A0E9-4E0C54514EE8}.Debug|ARM.ActiveCfg = Debug|Any CPU
		{059E9775-63F7-4A7A-A0E9-4E0C54514EE8}.Debug|Mixed Platforms.ActiveCfg = Debug|Any CPU
		{059E9775-63F7-4A7A-A0E9-4E0C54514EE8}.Debug|Mixed Platforms.Build.0 = Debug|Any CPU
		{059E9775-63F7-4A7A-A0E9-4E0C54514EE8}.Debug|x64.ActiveCfg = Debug|Any CPU
		{059E9775-63F7-4A7A-A0E9-4E0C54514EE8}.Debug|x86.ActiveCfg = Debug|Any CPU
		{059E9775-63F7-4A7A-A0E9-4E0C54514EE8}.Release|Any CPU.ActiveCfg = Release|Any CPU
		{059E9775-63F7-4A7A-A0E9-4E0C54514EE8}.Release|Any CPU.Build.0 = Release|Any CPU
		{059E9775-63F7-4A7A-A0E9-4E0C54514EE8}.Release|ARM.ActiveCfg = Release|Any CPU
		{059E9775-63F7-4A7A-A0E9-4E0C54514EE8}.Release|Mixed Platforms.ActiveCfg = Release|Any CPU
		{059E9775-63F7-4A7A-A0E9-4E0C54514EE8}.Release|Mixed Platforms.Build.0 = Release|Any CPU
		{059E9775-63F7-4A7A-A0E9-4E0C54514EE8}.Release|x64.ActiveCfg = Release|Any CPU
		{059E9775-63F7-4A7A-A0E9-4E0C54514EE8}.Release|x86.ActiveCfg = Release|Any CPU
		{58CD161E-A409-4A96-80BD-435DF55E51CB}.Debug|Any CPU.ActiveCfg = Debug|x86
		{58CD161E-A409-4A96-80BD-435DF55E51CB}.Debug|ARM.ActiveCfg = Debug|x86
		{58CD161E-A409-4A96-80BD-435DF55E51CB}.Debug|Mixed Platforms.ActiveCfg = Debug|x86
		{58CD161E-A409-4A96-80BD-435DF55E51CB}.Debug|Mixed Platforms.Build.0 = Debug|x86
		{58CD161E-A409-4A96-80BD-435DF55E51CB}.Debug|x64.ActiveCfg = Debug|x86
		{58CD161E-A409-4A96-80BD-435DF55E51CB}.Debug|x86.ActiveCfg = Debug|x86
		{58CD161E-A409-4A96-80BD-435DF55E51CB}.Debug|x86.Build.0 = Debug|x86
		{58CD161E-A409-4A96-80BD-435DF55E51CB}.Release|Any CPU.ActiveCfg = Release|x86
		{58CD161E-A409-4A96-80BD-435DF55E51CB}.Release|ARM.ActiveCfg = Release|x86
		{58CD161E-A409-4A96-80BD-435DF55E51CB}.Release|Mixed Platforms.ActiveCfg = Release|x86
		{58CD161E-A409-4A96-80BD-435DF55E51CB}.Release|Mixed Platforms.Build.0 = Release|x86
		{58CD161E-A409-4A96-80BD-435DF55E51CB}.Release|x64.ActiveCfg = Release|x86
		{58CD161E-A409-4A96-80BD-435DF55E51CB}.Release|x86.ActiveCfg = Release|x86
		{58CD161E-A409-4A96-80BD-435DF55E51CB}.Release|x86.Build.0 = Release|x86
		{F46BFFCE-B059-4D62-8669-A24F6E8A543D}.Debug|Any CPU.ActiveCfg = Debug|Any CPU
		{F46BFFCE-B059-4D62-8669-A24F6E8A543D}.Debug|Any CPU.Build.0 = Debug|Any CPU
		{F46BFFCE-B059-4D62-8669-A24F6E8A543D}.Debug|ARM.ActiveCfg = Debug|Any CPU
		{F46BFFCE-B059-4D62-8669-A24F6E8A543D}.Debug|Mixed Platforms.ActiveCfg = Debug|Any CPU
		{F46BFFCE-B059-4D62-8669-A24F6E8A543D}.Debug|Mixed Platforms.Build.0 = Debug|Any CPU
		{F46BFFCE-B059-4D62-8669-A24F6E8A543D}.Debug|x64.ActiveCfg = Debug|Any CPU
		{F46BFFCE-B059-4D62-8669-A24F6E8A543D}.Debug|x86.ActiveCfg = Debug|Any CPU
		{F46BFFCE-B059-4D62-8669-A24F6E8A543D}.Release|Any CPU.ActiveCfg = Release|Any CPU
		{F46BFFCE-B059-4D62-8669-A24F6E8A543D}.Release|Any CPU.Build.0 = Release|Any CPU
		{F46BFFCE-B059-4D62-8669-A24F6E8A543D}.Release|ARM.ActiveCfg = Release|Any CPU
		{F46BFFCE-B059-4D62-8669-A24F6E8A543D}.Release|Mixed Platforms.ActiveCfg = Release|Any CPU
		{F46BFFCE-B059-4D62-8669-A24F6E8A543D}.Release|Mixed Platforms.Build.0 = Release|Any CPU
		{F46BFFCE-B059-4D62-8669-A24F6E8A543D}.Release|x64.ActiveCfg = Release|Any CPU
		{F46BFFCE-B059-4D62-8669-A24F6E8A543D}.Release|x86.ActiveCfg = Release|Any CPU
		{DE3D29D0-F5D3-4953-A872-B86BBE44D93C}.Debug|Any CPU.ActiveCfg = Debug|Any CPU
		{DE3D29D0-F5D3-4953-A872-B86BBE44D93C}.Debug|Any CPU.Build.0 = Debug|Any CPU
		{DE3D29D0-F5D3-4953-A872-B86BBE44D93C}.Debug|ARM.ActiveCfg = Debug|Any CPU
		{DE3D29D0-F5D3-4953-A872-B86BBE44D93C}.Debug|Mixed Platforms.ActiveCfg = Debug|Any CPU
		{DE3D29D0-F5D3-4953-A872-B86BBE44D93C}.Debug|Mixed Platforms.Build.0 = Debug|Any CPU
		{DE3D29D0-F5D3-4953-A872-B86BBE44D93C}.Debug|x64.ActiveCfg = Debug|Any CPU
		{DE3D29D0-F5D3-4953-A872-B86BBE44D93C}.Debug|x86.ActiveCfg = Debug|Any CPU
		{DE3D29D0-F5D3-4953-A872-B86BBE44D93C}.Release|Any CPU.ActiveCfg = Release|Any CPU
		{DE3D29D0-F5D3-4953-A872-B86BBE44D93C}.Release|Any CPU.Build.0 = Release|Any CPU
		{DE3D29D0-F5D3-4953-A872-B86BBE44D93C}.Release|ARM.ActiveCfg = Release|Any CPU
		{DE3D29D0-F5D3-4953-A872-B86BBE44D93C}.Release|Mixed Platforms.ActiveCfg = Release|Any CPU
		{DE3D29D0-F5D3-4953-A872-B86BBE44D93C}.Release|Mixed Platforms.Build.0 = Release|Any CPU
		{DE3D29D0-F5D3-4953-A872-B86BBE44D93C}.Release|x64.ActiveCfg = Release|Any CPU
		{DE3D29D0-F5D3-4953-A872-B86BBE44D93C}.Release|x86.ActiveCfg = Release|Any CPU
		{F3551D7E-62A7-4770-9897-35BB867C91A2}.Debug|Any CPU.ActiveCfg = Debug|Any CPU
		{F3551D7E-62A7-4770-9897-35BB867C91A2}.Debug|Any CPU.Build.0 = Debug|Any CPU
		{F3551D7E-62A7-4770-9897-35BB867C91A2}.Debug|ARM.ActiveCfg = Debug|Any CPU
		{F3551D7E-62A7-4770-9897-35BB867C91A2}.Debug|Mixed Platforms.ActiveCfg = Debug|Any CPU
		{F3551D7E-62A7-4770-9897-35BB867C91A2}.Debug|Mixed Platforms.Build.0 = Debug|Any CPU
		{F3551D7E-62A7-4770-9897-35BB867C91A2}.Debug|x64.ActiveCfg = Debug|Any CPU
		{F3551D7E-62A7-4770-9897-35BB867C91A2}.Debug|x86.ActiveCfg = Debug|Any CPU
		{F3551D7E-62A7-4770-9897-35BB867C91A2}.Release|Any CPU.ActiveCfg = Release|Any CPU
		{F3551D7E-62A7-4770-9897-35BB867C91A2}.Release|Any CPU.Build.0 = Release|Any CPU
		{F3551D7E-62A7-4770-9897-35BB867C91A2}.Release|ARM.ActiveCfg = Release|Any CPU
		{F3551D7E-62A7-4770-9897-35BB867C91A2}.Release|Mixed Platforms.ActiveCfg = Release|Any CPU
		{F3551D7E-62A7-4770-9897-35BB867C91A2}.Release|Mixed Platforms.Build.0 = Release|Any CPU
		{F3551D7E-62A7-4770-9897-35BB867C91A2}.Release|x64.ActiveCfg = Release|Any CPU
		{F3551D7E-62A7-4770-9897-35BB867C91A2}.Release|x86.ActiveCfg = Release|Any CPU
		{A8BA5CE0-9152-4D6D-8F4D-D2EAFF2B9348}.Debug|Any CPU.ActiveCfg = Debug|Any CPU
		{A8BA5CE0-9152-4D6D-8F4D-D2EAFF2B9348}.Debug|Any CPU.Build.0 = Debug|Any CPU
		{A8BA5CE0-9152-4D6D-8F4D-D2EAFF2B9348}.Debug|ARM.ActiveCfg = Debug|Any CPU
		{A8BA5CE0-9152-4D6D-8F4D-D2EAFF2B9348}.Debug|Mixed Platforms.ActiveCfg = Debug|Any CPU
		{A8BA5CE0-9152-4D6D-8F4D-D2EAFF2B9348}.Debug|Mixed Platforms.Build.0 = Debug|Any CPU
		{A8BA5CE0-9152-4D6D-8F4D-D2EAFF2B9348}.Debug|x64.ActiveCfg = Debug|Any CPU
		{A8BA5CE0-9152-4D6D-8F4D-D2EAFF2B9348}.Debug|x86.ActiveCfg = Debug|Any CPU
		{A8BA5CE0-9152-4D6D-8F4D-D2EAFF2B9348}.Release|Any CPU.ActiveCfg = Release|Any CPU
		{A8BA5CE0-9152-4D6D-8F4D-D2EAFF2B9348}.Release|Any CPU.Build.0 = Release|Any CPU
		{A8BA5CE0-9152-4D6D-8F4D-D2EAFF2B9348}.Release|ARM.ActiveCfg = Release|Any CPU
		{A8BA5CE0-9152-4D6D-8F4D-D2EAFF2B9348}.Release|Mixed Platforms.ActiveCfg = Release|Any CPU
		{A8BA5CE0-9152-4D6D-8F4D-D2EAFF2B9348}.Release|Mixed Platforms.Build.0 = Release|Any CPU
		{A8BA5CE0-9152-4D6D-8F4D-D2EAFF2B9348}.Release|x64.ActiveCfg = Release|Any CPU
		{A8BA5CE0-9152-4D6D-8F4D-D2EAFF2B9348}.Release|x86.ActiveCfg = Release|Any CPU
		{2905C72E-D3DD-47CA-AF57-7628295FC60F}.Debug|Any CPU.ActiveCfg = Debug|Any CPU
		{2905C72E-D3DD-47CA-AF57-7628295FC60F}.Debug|Any CPU.Build.0 = Debug|Any CPU
		{2905C72E-D3DD-47CA-AF57-7628295FC60F}.Debug|ARM.ActiveCfg = Debug|Any CPU
		{2905C72E-D3DD-47CA-AF57-7628295FC60F}.Debug|Mixed Platforms.ActiveCfg = Debug|Any CPU
		{2905C72E-D3DD-47CA-AF57-7628295FC60F}.Debug|Mixed Platforms.Build.0 = Debug|Any CPU
		{2905C72E-D3DD-47CA-AF57-7628295FC60F}.Debug|x64.ActiveCfg = Debug|Any CPU
		{2905C72E-D3DD-47CA-AF57-7628295FC60F}.Debug|x86.ActiveCfg = Debug|Any CPU
		{2905C72E-D3DD-47CA-AF57-7628295FC60F}.Release|Any CPU.ActiveCfg = Release|Any CPU
		{2905C72E-D3DD-47CA-AF57-7628295FC60F}.Release|Any CPU.Build.0 = Release|Any CPU
		{2905C72E-D3DD-47CA-AF57-7628295FC60F}.Release|ARM.ActiveCfg = Release|Any CPU
		{2905C72E-D3DD-47CA-AF57-7628295FC60F}.Release|Mixed Platforms.ActiveCfg = Release|Any CPU
		{2905C72E-D3DD-47CA-AF57-7628295FC60F}.Release|Mixed Platforms.Build.0 = Release|Any CPU
		{2905C72E-D3DD-47CA-AF57-7628295FC60F}.Release|x64.ActiveCfg = Release|Any CPU
		{2905C72E-D3DD-47CA-AF57-7628295FC60F}.Release|x86.ActiveCfg = Release|Any CPU
		{A151CA95-F2C6-4C8A-B694-597BE31B6619}.Debug|Any CPU.ActiveCfg = Debug|x86
		{A151CA95-F2C6-4C8A-B694-597BE31B6619}.Debug|ARM.ActiveCfg = Debug|x86
		{A151CA95-F2C6-4C8A-B694-597BE31B6619}.Debug|Mixed Platforms.ActiveCfg = Debug|x86
		{A151CA95-F2C6-4C8A-B694-597BE31B6619}.Debug|Mixed Platforms.Build.0 = Debug|x86
		{A151CA95-F2C6-4C8A-B694-597BE31B6619}.Debug|x64.ActiveCfg = Debug|x86
		{A151CA95-F2C6-4C8A-B694-597BE31B6619}.Debug|x86.ActiveCfg = Debug|x86
		{A151CA95-F2C6-4C8A-B694-597BE31B6619}.Debug|x86.Build.0 = Debug|x86
		{A151CA95-F2C6-4C8A-B694-597BE31B6619}.Release|Any CPU.ActiveCfg = Release|x86
		{A151CA95-F2C6-4C8A-B694-597BE31B6619}.Release|ARM.ActiveCfg = Release|x86
		{A151CA95-F2C6-4C8A-B694-597BE31B6619}.Release|Mixed Platforms.ActiveCfg = Release|x86
		{A151CA95-F2C6-4C8A-B694-597BE31B6619}.Release|Mixed Platforms.Build.0 = Release|x86
		{A151CA95-F2C6-4C8A-B694-597BE31B6619}.Release|x64.ActiveCfg = Release|x86
		{A151CA95-F2C6-4C8A-B694-597BE31B6619}.Release|x86.ActiveCfg = Release|x86
		{A151CA95-F2C6-4C8A-B694-597BE31B6619}.Release|x86.Build.0 = Release|x86
		{EE9CB3EE-DD84-4509-A9E2-55078C7107D1}.Debug|Any CPU.ActiveCfg = Debug|Any CPU
		{EE9CB3EE-DD84-4509-A9E2-55078C7107D1}.Debug|Any CPU.Build.0 = Debug|Any CPU
		{EE9CB3EE-DD84-4509-A9E2-55078C7107D1}.Debug|ARM.ActiveCfg = Debug|ARM
		{EE9CB3EE-DD84-4509-A9E2-55078C7107D1}.Debug|ARM.Build.0 = Debug|ARM
		{EE9CB3EE-DD84-4509-A9E2-55078C7107D1}.Debug|Mixed Platforms.ActiveCfg = Debug|Any CPU
		{EE9CB3EE-DD84-4509-A9E2-55078C7107D1}.Debug|Mixed Platforms.Build.0 = Debug|Any CPU
		{EE9CB3EE-DD84-4509-A9E2-55078C7107D1}.Debug|x64.ActiveCfg = Debug|x64
		{EE9CB3EE-DD84-4509-A9E2-55078C7107D1}.Debug|x64.Build.0 = Debug|x64
		{EE9CB3EE-DD84-4509-A9E2-55078C7107D1}.Debug|x86.ActiveCfg = Debug|x86
		{EE9CB3EE-DD84-4509-A9E2-55078C7107D1}.Debug|x86.Build.0 = Debug|x86
		{EE9CB3EE-DD84-4509-A9E2-55078C7107D1}.Release|Any CPU.ActiveCfg = Release|Any CPU
		{EE9CB3EE-DD84-4509-A9E2-55078C7107D1}.Release|Any CPU.Build.0 = Release|Any CPU
		{EE9CB3EE-DD84-4509-A9E2-55078C7107D1}.Release|ARM.ActiveCfg = Release|ARM
		{EE9CB3EE-DD84-4509-A9E2-55078C7107D1}.Release|ARM.Build.0 = Release|ARM
		{EE9CB3EE-DD84-4509-A9E2-55078C7107D1}.Release|Mixed Platforms.ActiveCfg = Release|Any CPU
		{EE9CB3EE-DD84-4509-A9E2-55078C7107D1}.Release|Mixed Platforms.Build.0 = Release|Any CPU
		{EE9CB3EE-DD84-4509-A9E2-55078C7107D1}.Release|x64.ActiveCfg = Release|x64
		{EE9CB3EE-DD84-4509-A9E2-55078C7107D1}.Release|x64.Build.0 = Release|x64
		{EE9CB3EE-DD84-4509-A9E2-55078C7107D1}.Release|x86.ActiveCfg = Release|x86
		{EE9CB3EE-DD84-4509-A9E2-55078C7107D1}.Release|x86.Build.0 = Release|x86
		{AC56CA0C-DA8E-4C65-BCAE-7A85D2682E23}.Debug|Any CPU.ActiveCfg = Debug|Any CPU
		{AC56CA0C-DA8E-4C65-BCAE-7A85D2682E23}.Debug|Any CPU.Build.0 = Debug|Any CPU
		{AC56CA0C-DA8E-4C65-BCAE-7A85D2682E23}.Debug|Any CPU.Deploy.0 = Debug|Any CPU
		{AC56CA0C-DA8E-4C65-BCAE-7A85D2682E23}.Debug|ARM.ActiveCfg = Debug|ARM
		{AC56CA0C-DA8E-4C65-BCAE-7A85D2682E23}.Debug|ARM.Build.0 = Debug|ARM
		{AC56CA0C-DA8E-4C65-BCAE-7A85D2682E23}.Debug|ARM.Deploy.0 = Debug|ARM
		{AC56CA0C-DA8E-4C65-BCAE-7A85D2682E23}.Debug|Mixed Platforms.ActiveCfg = Debug|Any CPU
		{AC56CA0C-DA8E-4C65-BCAE-7A85D2682E23}.Debug|Mixed Platforms.Build.0 = Debug|Any CPU
		{AC56CA0C-DA8E-4C65-BCAE-7A85D2682E23}.Debug|Mixed Platforms.Deploy.0 = Debug|Any CPU
		{AC56CA0C-DA8E-4C65-BCAE-7A85D2682E23}.Debug|x64.ActiveCfg = Debug|x64
		{AC56CA0C-DA8E-4C65-BCAE-7A85D2682E23}.Debug|x64.Build.0 = Debug|x64
		{AC56CA0C-DA8E-4C65-BCAE-7A85D2682E23}.Debug|x64.Deploy.0 = Debug|x64
		{AC56CA0C-DA8E-4C65-BCAE-7A85D2682E23}.Debug|x86.ActiveCfg = Debug|x86
		{AC56CA0C-DA8E-4C65-BCAE-7A85D2682E23}.Debug|x86.Build.0 = Debug|x86
		{AC56CA0C-DA8E-4C65-BCAE-7A85D2682E23}.Debug|x86.Deploy.0 = Debug|x86
		{AC56CA0C-DA8E-4C65-BCAE-7A85D2682E23}.Release|Any CPU.ActiveCfg = Release|Any CPU
		{AC56CA0C-DA8E-4C65-BCAE-7A85D2682E23}.Release|Any CPU.Build.0 = Release|Any CPU
		{AC56CA0C-DA8E-4C65-BCAE-7A85D2682E23}.Release|Any CPU.Deploy.0 = Release|Any CPU
		{AC56CA0C-DA8E-4C65-BCAE-7A85D2682E23}.Release|ARM.ActiveCfg = Release|ARM
		{AC56CA0C-DA8E-4C65-BCAE-7A85D2682E23}.Release|ARM.Build.0 = Release|ARM
		{AC56CA0C-DA8E-4C65-BCAE-7A85D2682E23}.Release|ARM.Deploy.0 = Release|ARM
		{AC56CA0C-DA8E-4C65-BCAE-7A85D2682E23}.Release|Mixed Platforms.ActiveCfg = Release|Any CPU
		{AC56CA0C-DA8E-4C65-BCAE-7A85D2682E23}.Release|Mixed Platforms.Build.0 = Release|Any CPU
		{AC56CA0C-DA8E-4C65-BCAE-7A85D2682E23}.Release|Mixed Platforms.Deploy.0 = Release|Any CPU
		{AC56CA0C-DA8E-4C65-BCAE-7A85D2682E23}.Release|x64.ActiveCfg = Release|x64
		{AC56CA0C-DA8E-4C65-BCAE-7A85D2682E23}.Release|x64.Build.0 = Release|x64
		{AC56CA0C-DA8E-4C65-BCAE-7A85D2682E23}.Release|x64.Deploy.0 = Release|x64
		{AC56CA0C-DA8E-4C65-BCAE-7A85D2682E23}.Release|x86.ActiveCfg = Release|x86
		{AC56CA0C-DA8E-4C65-BCAE-7A85D2682E23}.Release|x86.Build.0 = Release|x86
		{AC56CA0C-DA8E-4C65-BCAE-7A85D2682E23}.Release|x86.Deploy.0 = Release|x86
		{339D1CF5-836F-4D77-B5C5-731036B5E1C6}.Debug|Any CPU.ActiveCfg = Debug|Any CPU
		{339D1CF5-836F-4D77-B5C5-731036B5E1C6}.Debug|Any CPU.Build.0 = Debug|Any CPU
		{339D1CF5-836F-4D77-B5C5-731036B5E1C6}.Debug|ARM.ActiveCfg = Debug|Any CPU
		{339D1CF5-836F-4D77-B5C5-731036B5E1C6}.Debug|Mixed Platforms.ActiveCfg = Debug|Any CPU
		{339D1CF5-836F-4D77-B5C5-731036B5E1C6}.Debug|Mixed Platforms.Build.0 = Debug|Any CPU
		{339D1CF5-836F-4D77-B5C5-731036B5E1C6}.Debug|x64.ActiveCfg = Debug|Any CPU
		{339D1CF5-836F-4D77-B5C5-731036B5E1C6}.Debug|x86.ActiveCfg = Debug|Any CPU
		{339D1CF5-836F-4D77-B5C5-731036B5E1C6}.Release|Any CPU.ActiveCfg = Release|Any CPU
		{339D1CF5-836F-4D77-B5C5-731036B5E1C6}.Release|Any CPU.Build.0 = Release|Any CPU
		{339D1CF5-836F-4D77-B5C5-731036B5E1C6}.Release|ARM.ActiveCfg = Release|Any CPU
		{339D1CF5-836F-4D77-B5C5-731036B5E1C6}.Release|Mixed Platforms.ActiveCfg = Release|Any CPU
		{339D1CF5-836F-4D77-B5C5-731036B5E1C6}.Release|Mixed Platforms.Build.0 = Release|Any CPU
		{339D1CF5-836F-4D77-B5C5-731036B5E1C6}.Release|x64.ActiveCfg = Release|Any CPU
		{339D1CF5-836F-4D77-B5C5-731036B5E1C6}.Release|x86.ActiveCfg = Release|Any CPU
	EndGlobalSection
	GlobalSection(SolutionProperties) = preSolution
		HideSolutionNode = FALSE
	EndGlobalSection
EndGlobal
