
Microsoft Visual Studio Solution File, Format Version 11.00
# Visual Studio 2010
Project("{FAE04EC0-301F-11D3-BF4B-00C04F79EFBC}") = "CrossUI.Portable", "CrossUI.Portable\CrossUI.Portable.csproj", "{059E9775-63F7-4A7A-A0E9-4E0C54514EE8}"
EndProject
Project("{FAE04EC0-301F-11D3-BF4B-00C04F79EFBC}") = "CrossUI.Runner.WPF", "CrossUI.Runner.WPF\CrossUI.Runner.WPF.csproj", "{58CD161E-A409-4A96-80BD-435DF55E51CB}"
EndProject
Project("{2150E333-8FDC-42A3-9474-1A3956D46DE8}") = ".nuget", ".nuget", "{8DF7B404-BA77-41E0-B3D7-5A6CAE25DB25}"
	ProjectSection(SolutionItems) = preProject
		.nuget\NuGet.Config = .nuget\NuGet.Config
		.nuget\NuGet.exe = .nuget\NuGet.exe
		.nuget\NuGet.targets = .nuget\NuGet.targets
	EndProjectSection
EndProject
Project("{FAE04EC0-301F-11D3-BF4B-00C04F79EFBC}") = "CrossUI.SharpDX", "CrossUI.SharpDX\CrossUI.SharpDX.csproj", "{F46BFFCE-B059-4D62-8669-A24F6E8A543D}"
EndProject
Project("{FAE04EC0-301F-11D3-BF4B-00C04F79EFBC}") = "CrossUI.Tests", "CrossUI.Tests\CrossUI.Tests.csproj", "{DE3D29D0-F5D3-4953-A872-B86BBE44D93C}"
EndProject
Project("{2150E333-8FDC-42A3-9474-1A3956D46DE8}") = "Solution Items", "Solution Items", "{2AA88CC4-47C3-45F4-B066-03FC401052C1}"
	ProjectSection(SolutionItems) = preProject
		README.md = README.md
		RoundedRectangle.png = RoundedRectangle.png
	EndProjectSection
EndProject
Project("{FAE04EC0-301F-11D3-BF4B-00C04F79EFBC}") = "CrossUI.Testing", "CrossUI.Testing\CrossUI.Testing.csproj", "{F3551D7E-62A7-4770-9897-35BB867C91A2}"
EndProject
Project("{FAE04EC0-301F-11D3-BF4B-00C04F79EFBC}") = "CrossUI.Tests.DrawingContext", "CrossUI.Tests.DrawingContext\CrossUI.Tests.DrawingContext.csproj", "{A8BA5CE0-9152-4D6D-8F4D-D2EAFF2B9348}"
EndProject
Project("{FAE04EC0-301F-11D3-BF4B-00C04F79EFBC}") = "CrossUI.Testing.Portable", "CrossUI.Testing.Portable\CrossUI.Testing.Portable.csproj", "{2905C72E-D3DD-47CA-AF57-7628295FC60F}"
EndProject
Global
	GlobalSection(SolutionConfigurationPlatforms) = preSolution
		Debug|Any CPU = Debug|Any CPU
		Debug|Mixed Platforms = Debug|Mixed Platforms
		Debug|x86 = Debug|x86
		Release|Any CPU = Release|Any CPU
		Release|Mixed Platforms = Release|Mixed Platforms
		Release|x86 = Release|x86
	EndGlobalSection
	GlobalSection(ProjectConfigurationPlatforms) = postSolution
		{059E9775-63F7-4A7A-A0E9-4E0C54514EE8}.Debug|Any CPU.ActiveCfg = Debug|Any CPU
		{059E9775-63F7-4A7A-A0E9-4E0C54514EE8}.Debug|Any CPU.Build.0 = Debug|Any CPU
		{059E9775-63F7-4A7A-A0E9-4E0C54514EE8}.Debug|Mixed Platforms.ActiveCfg = Debug|Any CPU
		{059E9775-63F7-4A7A-A0E9-4E0C54514EE8}.Debug|Mixed Platforms.Build.0 = Debug|Any CPU
		{059E9775-63F7-4A7A-A0E9-4E0C54514EE8}.Debug|x86.ActiveCfg = Debug|Any CPU
		{059E9775-63F7-4A7A-A0E9-4E0C54514EE8}.Release|Any CPU.ActiveCfg = Release|Any CPU
		{059E9775-63F7-4A7A-A0E9-4E0C54514EE8}.Release|Any CPU.Build.0 = Release|Any CPU
		{059E9775-63F7-4A7A-A0E9-4E0C54514EE8}.Release|Mixed Platforms.ActiveCfg = Release|Any CPU
		{059E9775-63F7-4A7A-A0E9-4E0C54514EE8}.Release|Mixed Platforms.Build.0 = Release|Any CPU
		{059E9775-63F7-4A7A-A0E9-4E0C54514EE8}.Release|x86.ActiveCfg = Release|Any CPU
		{58CD161E-A409-4A96-80BD-435DF55E51CB}.Debug|Any CPU.ActiveCfg = Debug|x86
		{58CD161E-A409-4A96-80BD-435DF55E51CB}.Debug|Mixed Platforms.ActiveCfg = Debug|x86
		{58CD161E-A409-4A96-80BD-435DF55E51CB}.Debug|Mixed Platforms.Build.0 = Debug|x86
		{58CD161E-A409-4A96-80BD-435DF55E51CB}.Debug|x86.ActiveCfg = Debug|x86
		{58CD161E-A409-4A96-80BD-435DF55E51CB}.Debug|x86.Build.0 = Debug|x86
		{58CD161E-A409-4A96-80BD-435DF55E51CB}.Release|Any CPU.ActiveCfg = Release|x86
		{58CD161E-A409-4A96-80BD-435DF55E51CB}.Release|Mixed Platforms.ActiveCfg = Release|x86
		{58CD161E-A409-4A96-80BD-435DF55E51CB}.Release|Mixed Platforms.Build.0 = Release|x86
		{58CD161E-A409-4A96-80BD-435DF55E51CB}.Release|x86.ActiveCfg = Release|x86
		{58CD161E-A409-4A96-80BD-435DF55E51CB}.Release|x86.Build.0 = Release|x86
		{F46BFFCE-B059-4D62-8669-A24F6E8A543D}.Debug|Any CPU.ActiveCfg = Debug|Any CPU
		{F46BFFCE-B059-4D62-8669-A24F6E8A543D}.Debug|Any CPU.Build.0 = Debug|Any CPU
		{F46BFFCE-B059-4D62-8669-A24F6E8A543D}.Debug|Mixed Platforms.ActiveCfg = Debug|Any CPU
		{F46BFFCE-B059-4D62-8669-A24F6E8A543D}.Debug|Mixed Platforms.Build.0 = Debug|Any CPU
		{F46BFFCE-B059-4D62-8669-A24F6E8A543D}.Debug|x86.ActiveCfg = Debug|Any CPU
		{F46BFFCE-B059-4D62-8669-A24F6E8A543D}.Release|Any CPU.ActiveCfg = Release|Any CPU
		{F46BFFCE-B059-4D62-8669-A24F6E8A543D}.Release|Any CPU.Build.0 = Release|Any CPU
		{F46BFFCE-B059-4D62-8669-A24F6E8A543D}.Release|Mixed Platforms.ActiveCfg = Release|Any CPU
		{F46BFFCE-B059-4D62-8669-A24F6E8A543D}.Release|Mixed Platforms.Build.0 = Release|Any CPU
		{F46BFFCE-B059-4D62-8669-A24F6E8A543D}.Release|x86.ActiveCfg = Release|Any CPU
		{DE3D29D0-F5D3-4953-A872-B86BBE44D93C}.Debug|Any CPU.ActiveCfg = Debug|Any CPU
		{DE3D29D0-F5D3-4953-A872-B86BBE44D93C}.Debug|Any CPU.Build.0 = Debug|Any CPU
		{DE3D29D0-F5D3-4953-A872-B86BBE44D93C}.Debug|Mixed Platforms.ActiveCfg = Debug|Any CPU
		{DE3D29D0-F5D3-4953-A872-B86BBE44D93C}.Debug|Mixed Platforms.Build.0 = Debug|Any CPU
		{DE3D29D0-F5D3-4953-A872-B86BBE44D93C}.Debug|x86.ActiveCfg = Debug|Any CPU
		{DE3D29D0-F5D3-4953-A872-B86BBE44D93C}.Release|Any CPU.ActiveCfg = Release|Any CPU
		{DE3D29D0-F5D3-4953-A872-B86BBE44D93C}.Release|Any CPU.Build.0 = Release|Any CPU
		{DE3D29D0-F5D3-4953-A872-B86BBE44D93C}.Release|Mixed Platforms.ActiveCfg = Release|Any CPU
		{DE3D29D0-F5D3-4953-A872-B86BBE44D93C}.Release|Mixed Platforms.Build.0 = Release|Any CPU
		{DE3D29D0-F5D3-4953-A872-B86BBE44D93C}.Release|x86.ActiveCfg = Release|Any CPU
		{F3551D7E-62A7-4770-9897-35BB867C91A2}.Debug|Any CPU.ActiveCfg = Debug|Any CPU
		{F3551D7E-62A7-4770-9897-35BB867C91A2}.Debug|Any CPU.Build.0 = Debug|Any CPU
		{F3551D7E-62A7-4770-9897-35BB867C91A2}.Debug|Mixed Platforms.ActiveCfg = Debug|Any CPU
		{F3551D7E-62A7-4770-9897-35BB867C91A2}.Debug|Mixed Platforms.Build.0 = Debug|Any CPU
		{F3551D7E-62A7-4770-9897-35BB867C91A2}.Debug|x86.ActiveCfg = Debug|Any CPU
		{F3551D7E-62A7-4770-9897-35BB867C91A2}.Release|Any CPU.ActiveCfg = Release|Any CPU
		{F3551D7E-62A7-4770-9897-35BB867C91A2}.Release|Any CPU.Build.0 = Release|Any CPU
		{F3551D7E-62A7-4770-9897-35BB867C91A2}.Release|Mixed Platforms.ActiveCfg = Release|Any CPU
		{F3551D7E-62A7-4770-9897-35BB867C91A2}.Release|Mixed Platforms.Build.0 = Release|Any CPU
		{F3551D7E-62A7-4770-9897-35BB867C91A2}.Release|x86.ActiveCfg = Release|Any CPU
		{A8BA5CE0-9152-4D6D-8F4D-D2EAFF2B9348}.Debug|Any CPU.ActiveCfg = Debug|Any CPU
		{A8BA5CE0-9152-4D6D-8F4D-D2EAFF2B9348}.Debug|Any CPU.Build.0 = Debug|Any CPU
		{A8BA5CE0-9152-4D6D-8F4D-D2EAFF2B9348}.Debug|Mixed Platforms.ActiveCfg = Debug|Any CPU
		{A8BA5CE0-9152-4D6D-8F4D-D2EAFF2B9348}.Debug|Mixed Platforms.Build.0 = Debug|Any CPU
		{A8BA5CE0-9152-4D6D-8F4D-D2EAFF2B9348}.Debug|x86.ActiveCfg = Debug|Any CPU
		{A8BA5CE0-9152-4D6D-8F4D-D2EAFF2B9348}.Release|Any CPU.ActiveCfg = Release|Any CPU
		{A8BA5CE0-9152-4D6D-8F4D-D2EAFF2B9348}.Release|Any CPU.Build.0 = Release|Any CPU
		{A8BA5CE0-9152-4D6D-8F4D-D2EAFF2B9348}.Release|Mixed Platforms.ActiveCfg = Release|Any CPU
		{A8BA5CE0-9152-4D6D-8F4D-D2EAFF2B9348}.Release|Mixed Platforms.Build.0 = Release|Any CPU
		{A8BA5CE0-9152-4D6D-8F4D-D2EAFF2B9348}.Release|x86.ActiveCfg = Release|Any CPU
		{2905C72E-D3DD-47CA-AF57-7628295FC60F}.Debug|Any CPU.ActiveCfg = Debug|Any CPU
		{2905C72E-D3DD-47CA-AF57-7628295FC60F}.Debug|Any CPU.Build.0 = Debug|Any CPU
		{2905C72E-D3DD-47CA-AF57-7628295FC60F}.Debug|Mixed Platforms.ActiveCfg = Debug|Any CPU
		{2905C72E-D3DD-47CA-AF57-7628295FC60F}.Debug|Mixed Platforms.Build.0 = Debug|Any CPU
		{2905C72E-D3DD-47CA-AF57-7628295FC60F}.Debug|x86.ActiveCfg = Debug|Any CPU
		{2905C72E-D3DD-47CA-AF57-7628295FC60F}.Release|Any CPU.ActiveCfg = Release|Any CPU
		{2905C72E-D3DD-47CA-AF57-7628295FC60F}.Release|Any CPU.Build.0 = Release|Any CPU
		{2905C72E-D3DD-47CA-AF57-7628295FC60F}.Release|Mixed Platforms.ActiveCfg = Release|Any CPU
		{2905C72E-D3DD-47CA-AF57-7628295FC60F}.Release|Mixed Platforms.Build.0 = Release|Any CPU
		{2905C72E-D3DD-47CA-AF57-7628295FC60F}.Release|x86.ActiveCfg = Release|Any CPU
	EndGlobalSection
	GlobalSection(SolutionProperties) = preSolution
		HideSolutionNode = FALSE
	EndGlobalSection
EndGlobal
